{
  "name": "@salesforce/salesforcedx-apex-debugger",
  "version": "45.7.0",
  "lockfileVersion": 1,
  "requires": true,
  "dependencies": {
    "@salesforce/salesforcedx-utils-vscode": {
      "version": "45.7.0",
      "requires": {
        "cross-spawn": "6.0.5",
        "path-exists": "3.0.0",
        "rxjs": "5.5.12",
        "shelljs": "0.8.3",
        "tree-kill": "1.2.1"
      },
      "dependencies": {
        "balanced-match": {
          "version": "1.0.0",
          "bundled": true
        },
        "brace-expansion": {
          "version": "1.1.11",
          "bundled": true,
          "requires": {
            "balanced-match": "1.0.0",
            "concat-map": "0.0.1"
          }
        },
        "concat-map": {
          "version": "0.0.1",
          "bundled": true
        },
        "cross-spawn": {
          "version": "6.0.5",
          "bundled": true,
          "requires": {
            "nice-try": "1.0.5",
            "path-key": "2.0.1",
            "semver": "5.6.0",
            "shebang-command": "1.2.0",
            "which": "1.3.1"
          }
        },
        "fs.realpath": {
          "version": "1.0.0",
          "bundled": true
        },
        "glob": {
          "version": "7.1.3",
          "bundled": true,
          "requires": {
            "fs.realpath": "1.0.0",
            "inflight": "1.0.6",
            "inherits": "2.0.3",
            "minimatch": "3.0.4",
            "once": "1.4.0",
            "path-is-absolute": "1.0.1"
          }
        },
        "inflight": {
          "version": "1.0.6",
          "bundled": true,
          "requires": {
            "once": "1.4.0",
            "wrappy": "1.0.2"
          }
        },
        "inherits": {
          "version": "2.0.3",
          "bundled": true
        },
        "interpret": {
          "version": "1.2.0",
          "bundled": true
        },
        "isexe": {
          "version": "2.0.0",
          "bundled": true
        },
        "minimatch": {
          "version": "3.0.4",
          "bundled": true,
          "requires": {
            "brace-expansion": "1.1.11"
          }
        },
        "nice-try": {
          "version": "1.0.5",
          "bundled": true
        },
        "once": {
          "version": "1.4.0",
          "bundled": true,
          "requires": {
            "wrappy": "1.0.2"
          }
        },
        "path-exists": {
          "version": "3.0.0",
          "bundled": true
        },
        "path-is-absolute": {
          "version": "1.0.1",
          "bundled": true
        },
        "path-key": {
          "version": "2.0.1",
          "bundled": true
        },
        "path-parse": {
          "version": "1.0.6",
          "bundled": true
        },
        "rechoir": {
          "version": "0.6.2",
          "bundled": true,
          "requires": {
            "resolve": "1.10.0"
          }
        },
        "resolve": {
          "version": "1.10.0",
          "bundled": true,
          "requires": {
            "path-parse": "1.0.6"
          }
        },
        "rxjs": {
          "version": "5.5.12",
          "bundled": true,
          "requires": {
            "symbol-observable": "1.0.1"
          }
        },
        "semver": {
          "version": "5.6.0",
          "bundled": true
        },
        "shebang-command": {
          "version": "1.2.0",
          "bundled": true,
          "requires": {
            "shebang-regex": "1.0.0"
          }
        },
        "shebang-regex": {
          "version": "1.0.0",
          "bundled": true
        },
        "shelljs": {
          "version": "0.8.3",
          "bundled": true,
          "requires": {
            "glob": "7.1.3",
            "interpret": "1.2.0",
            "rechoir": "0.6.2"
          }
        },
        "symbol-observable": {
          "version": "1.0.1",
          "bundled": true
        },
        "tree-kill": {
          "version": "1.2.1",
          "bundled": true
        },
        "which": {
          "version": "1.3.1",
          "bundled": true,
          "requires": {
            "isexe": "2.0.0"
          }
        },
        "wrappy": {
          "version": "1.0.2",
          "bundled": true
        }
      }
    },
    "agent-base": {
      "version": "1.0.2",
      "resolved": "http://npm.lwcjs.org/agent-base/-/agent-base-1.0.2/6890d3fb217004b62b70f8928e0fae5f8952a706.tgz",
      "integrity": "sha1-aJDT+yFwBLYrcPiSjg+uX4lSpwY="
    },
    "async-lock": {
      "version": "1.0.0",
      "resolved": "http://npm.lwcjs.org/async-lock/-/async-lock-1.0.0/b81abbdbd2a6e516773a044b7e6917ae2001f370.tgz",
      "integrity": "sha1-uBq729Km5RZ3OgRLfmkXriAB83A="
    },
    "csprng": {
      "version": "0.1.2",
      "resolved": "http://npm.lwcjs.org/csprng/-/csprng-0.1.2/4bc68f12fa368d252a59841cbaca974b18ab45e2.tgz",
      "integrity": "sha1-S8aPEvo2jSUqWYQcusqXSxirReI=",
      "requires": {
        "sequin": "0.1.1"
      }
    },
    "debug": {
      "version": "2.6.9",
      "resolved": "http://npm.lwcjs.org/debug/-/debug-2.6.9/5d128515df134ff327e90a4c93f4e077a536341f.tgz",
      "integrity": "sha512-bC7ElrdJaJnPbAP+1EotYvqZsb3ecl5wi6Bfi6BJTUcNowp6cvspg0jXznRTKDjm/E7AdgFBVeAPVMNcKGsHMA==",
      "requires": {
        "ms": "2.0.0"
      }
    },
    "extend": {
      "version": "3.0.2",
      "resolved": "http://npm.lwcjs.org/extend/-/extend-3.0.2/f8b1136b4071fbd8eb140aff858b1019ec2915fa.tgz",
      "integrity": "sha512-fjquC59cD7CyW6urNXK0FBufkZcoiGG80wTuPujX590cB5Ttln20E2UB4S/WARVqhXffZl2LNgS+gQdPIIim/g=="
    },
    "faye": {
      "version": "1.1.2",
      "resolved": "http://npm.lwcjs.org/faye/-/faye-1.1.2/d7de4c94e3b9168b4c2c2b254deb3d264b60ae80.tgz",
      "integrity": "sha1-195MlOO5FotMLCslTes9JktgroA=",
      "requires": {
        "csprng": "0.1.2",
        "faye-websocket": "0.11.1",
        "tough-cookie": "3.0.1",
        "tunnel-agent": "0.6.0"
      }
    },
    "faye-websocket": {
      "version": "0.11.1",
      "resolved": "http://npm.lwcjs.org/faye-websocket/-/faye-websocket-0.11.1/f0efe18c4f56e4f40afc7e06c719fd5ee6188f38.tgz",
      "integrity": "sha1-8O/hjE9W5PQK/H4Gxxn9XuYYjzg=",
      "requires": {
        "websocket-driver": "0.7.0"
      }
    },
    "http-parser-js": {
      "version": "0.5.0",
      "resolved": "http://npm.lwcjs.org/http-parser-js/-/http-parser-js-0.5.0/d65edbede84349d0dc30320815a15d39cc3cbbd8.tgz",
      "integrity": "sha512-cZdEF7r4gfRIq7ezX9J0T+kQmJNOub71dWbgAXVHDct80TKP4MCETtZQ31xyv38UwgzkWPYF/Xc0ge55dW9Z9w=="
    },
    "http-proxy-agent": {
      "version": "0.2.7",
      "resolved": "http://npm.lwcjs.org/http-proxy-agent/-/http-proxy-agent-0.2.7/e17fda65f0902d952ce7921e62c7ff8862655a5e.tgz",
      "integrity": "sha1-4X/aZfCQLZUs55IeYsf/iGJlWl4=",
      "requires": {
        "agent-base": "1.0.2",
        "debug": "2.6.9",
        "extend": "3.0.2"
      }
    },
    "https-proxy-agent": {
      "version": "0.3.6",
      "resolved": "http://npm.lwcjs.org/https-proxy-agent/-/https-proxy-agent-0.3.6/713fa38e5d353f50eb14a342febe29033ed1619b.tgz",
      "integrity": "sha1-cT+jjl01P1DrFKNC/r4pAz7RYZs=",
      "requires": {
        "agent-base": "1.0.2",
        "debug": "2.6.9",
        "extend": "3.0.2"
      }
    },
    "ip-regex": {
      "version": "2.1.0",
      "resolved": "http://npm.lwcjs.org/ip-regex/-/ip-regex-2.1.0/fa78bf5d2e6913c911ce9f819ee5146bb6d844e9.tgz",
      "integrity": "sha1-+ni/XS5pE8kRzp+BnuUUa7bYROk="
    },
    "ms": {
      "version": "2.0.0",
      "resolved": "http://npm.lwcjs.org/ms/-/ms-2.0.0/5608aeadfc00be6c2901df5f9861788de0d597c8.tgz",
      "integrity": "sha1-VgiurfwAvmwpAd9fmGF4jeDVl8g="
    },
    "psl": {
      "version": "1.1.31",
      "resolved": "http://npm.lwcjs.org/psl/-/psl-1.1.31/e9aa86d0101b5b105cbe93ac6b784cd547276184.tgz",
      "integrity": "sha512-/6pt4+C+T+wZUieKR620OpzN/LlnNKuWjy1iFLQ/UG35JqHlR/89MP1d96dUfkf6Dne3TuLQzOYEYshJ+Hx8mw=="
    },
    "punycode": {
      "version": "2.1.1",
      "resolved": "http://npm.lwcjs.org/punycode/-/punycode-2.1.1/b58b010ac40c22c5657616c8d2c2c02c7bf479ec.tgz",
      "integrity": "sha512-XRsRjdf+j5ml+y/6GKHPZbrF/8p2Yga0JPtdqTIY2Xe5ohJPD9saDJJLPvp9+NSBprVvevdXZybnj2cv8OEd0A=="
    },
    "request-light": {
      "version": "0.2.1",
      "resolved": "http://npm.lwcjs.org/request-light/-/request-light-0.2.1/986f5a82893e9d1ca6a896ebe6f46c51c6b4557f.tgz",
      "integrity": "sha1-mG9agok+nRymqJbr5vRsUca0VX8=",
      "requires": {
        "http-proxy-agent": "0.2.7",
        "https-proxy-agent": "0.3.6",
        "vscode-nls": "2.0.2"
      }
    },
    "safe-buffer": {
      "version": "5.1.2",
      "resolved": "http://npm.lwcjs.org/safe-buffer/-/safe-buffer-5.1.2/991ec69d296e0313747d59bdfd2b745c35f8828d.tgz",
      "integrity": "sha512-Gd2UZBJDkXlY7GbJxfsE8/nvKkUEU1G38c1siN6QP6a9PT9MmHB8GnpscSmMJSoF8LOIrt8ud/wPtojys4G6+g=="
    },
    "sequin": {
      "version": "0.1.1",
      "resolved": "http://npm.lwcjs.org/sequin/-/sequin-0.1.1/5c2d389d66a383734eaafbc45edeb2c1cb1be701.tgz",
      "integrity": "sha1-XC04nWajg3NOqvvEXt6ywcsb5wE="
    },
    "tough-cookie": {
      "version": "3.0.1",
      "resolved": "http://npm.lwcjs.org/tough-cookie/-/tough-cookie-3.0.1/9df4f57e739c26930a018184887f4adb7dca73b2.tgz",
      "integrity": "sha512-yQyJ0u4pZsv9D4clxO69OEjLWYw+jbgspjTue4lTQZLfV0c5l1VmK2y1JK8E9ahdpltPOaAThPcp5nKPUgSnsg==",
      "requires": {
        "ip-regex": "2.1.0",
        "psl": "1.1.31",
        "punycode": "2.1.1"
      }
    },
    "tunnel-agent": {
      "version": "0.6.0",
      "resolved": "http://npm.lwcjs.org/tunnel-agent/-/tunnel-agent-0.6.0/27a5dea06b36b04a0a9966774b290868f0fc40fd.tgz",
      "integrity": "sha1-J6XeoGs2sEoKmWZ3SykIaPD8QP0=",
      "requires": {
        "safe-buffer": "5.1.2"
      }
    },
    "vscode-debugadapter": {
      "version": "1.28.0",
      "resolved": "http://npm.lwcjs.org/vscode-debugadapter/-/vscode-debugadapter-1.28.0/ebd6653e3f41db324d9547595375571a8732e966.tgz",
      "integrity": "sha512-GCR1326LFtfYjl7SDN1wmU2pBJ98HgUCnbWoU3s3bz0GhUWYN1xSYGg7MfuwxY6WwZk2cuqzANhy/oaKADMXaw==",
      "requires": {
        "vscode-debugprotocol": "1.28.0",
        "vscode-uri": "1.0.1"
      }
    },
    "vscode-debugprotocol": {
      "version": "1.28.0",
      "resolved": "http://npm.lwcjs.org/vscode-debugprotocol/-/vscode-debugprotocol-1.28.0/b9fb97c3fb2dadbec78e5c1619ff12bf741ce406.tgz",
      "integrity": "sha512-QM4J8A13jBY9I7OPWXN0ZO1cqydnD4co2j/O81jIj6em8VkmJT4VyJQkq4HmwJe3af+u9+7IYCIEDrowgvKxTA=="
    },
    "vscode-nls": {
      "version": "2.0.2",
      "resolved": "http://npm.lwcjs.org/vscode-nls/-/vscode-nls-2.0.2/808522380844b8ad153499af5c3b03921aea02da.tgz",
      "integrity": "sha1-gIUiOAhEuK0VNJmvXDsDkhrqAto="
    },
    "vscode-uri": {
      "version": "1.0.1",
      "resolved": "http://npm.lwcjs.org/vscode-uri/-/vscode-uri-1.0.1/11a86befeac3c4aa3ec08623651a3c81a6d0bbc8.tgz",
      "integrity": "sha1-Eahr7+rDxKo+wIYjZRo8gabQu8g="
    },
    "websocket-driver": {
      "version": "0.7.0",
      "resolved": "http://npm.lwcjs.org/websocket-driver/-/websocket-driver-0.7.0/0caf9d2d755d93aee049d4bdd0d3fe2cca2a24eb.tgz",
      "integrity": "sha1-DK+dLXVdk67gSdS90NP+LMoqJOs=",
      "requires": {
        "http-parser-js": "0.5.0",
        "websocket-extensions": "0.1.3"
      }
    },
    "websocket-extensions": {
      "version": "0.1.3",
      "resolved": "http://npm.lwcjs.org/websocket-extensions/-/websocket-extensions-0.1.3/5d2ff22977003ec687a4b87073dfbbac146ccf29.tgz",
      "integrity": "sha512-nqHUnMXmBzT0w570r2JpJxfiSD1IzoI+HGVdd3aZ0yNi3ngvQ4jv1dtHt5VGxfI2yj5yqImPhOK4vmIh2xMbGg=="
    }
  }
}
