{
  "name": "@salesforce/salesforcedx-visualforce-markup-language-server",
  "version": "45.7.0",
  "lockfileVersion": 1,
  "requires": true,
  "dependencies": {
    "vscode-languageserver-types": {
      "version": "3.4.0",
      "resolved": "http://npm.lwcjs.org/vscode-languageserver-types/-/vscode-languageserver-types-3.4.0/5043ae47ee4ac16af07bb3d0ca561235e0c0d2fa.tgz",
      "integrity": "sha1-UEOuR+5KwWrwe7PQylYSNeDA0vo="
    },
    "vscode-nls": {
      "version": "2.0.2",
      "resolved": "http://npm.lwcjs.org/vscode-nls/-/vscode-nls-2.0.2/808522380844b8ad153499af5c3b03921aea02da.tgz",
      "integrity": "sha1-gIUiOAhEuK0VNJmvXDsDkhrqAto="
    },
    "vscode-uri": {
      "version": "1.0.6",
      "resolved": "http://npm.lwcjs.org/vscode-uri/-/vscode-uri-1.0.6/6b8f141b0bbc44ad7b07e94f82f168ac7608ad4d.tgz",
      "integrity": "sha512-sLI2L0uGov3wKVb9EB+vIQBl9tVP90nqRvxSoJ35vI3NjxE8jfsE5DSOhWgSunHSZmKS4OCi2jrtfxK7uyp2ww=="
    }
  }
}
